github.com/go-bindata/go-bindata v3.1.2+incompatible h1:5vjJMVhowQdPzjE1LdxyFF7YFTXg5IgGVW4gBr5IbvE=
github.com/go-bindata/go-bindata v3.1.2+incompatible/go.mod h1:xK8Dsgwmeed+BBsSy2XTopBn/8uK2HWuGSnA11C3Joo=
github.com/vegasq/GoPrintTable v0.0.0-20190927144006-c3e37b84cb9d h1:hli9O8MJeGGK7fQj/UCyxUYu3YrrPtHkiWE0WdudrTM=
github.com/vegasq/GoPrintTable v0.0.0-20190927144006-c3e37b84cb9d/go.mod h1:TuIkF+L9BONH4QPM4C3bqsfowZgmTIjjzaBc8b6Z5fg=
